// !$*UTF8*$!
{
	archiveVersion = 1;
	classes = {
	};
	objectVersion = 77;
	objects = {

/* Begin PBXBuildFile section */
		01218936AAE5B02C2498E6DB /* OnboardingView.swift in Sources */ = {isa = PBXBuildFile; fileRef = 8933912DC8BDEBECBFB1EC59 /* OnboardingView.swift */; };
		0590E9EF4EC4054A72E2F83C /* WalletFlowUITests.swift in Sources */ = {isa = PBXBuildFile; fileRef = 4F0A4251F77DF2FA3C40ECDE /* WalletFlowUITests.swift */; };
		0F3E80196C9FA9B41D9262A4 /* Assets.xcassets in Resources */ = {isa = PBXBuildFile; fileRef = B0491051A1129271332322C4 /* Assets.xcassets */; };
		204A8C673BA7B7B02A708C27 /* AuthBoxCrypto in Frameworks */ = {isa = PBXBuildFile; productRef = 3201996CEDE9572A233A0549 /* AuthBoxCrypto */; };
		20857714C58C09270A264045 /* APIConfig.swift in Sources */ = {isa = PBXBuildFile; fileRef = 564CD4322321E1DCA3FE9B42 /* APIConfig.swift */; };
		306D7EE82A7FB535784B3E6F /* DesignTokens.swift in Sources */ = {isa = PBXBuildFile; fileRef = C9A7EDE3B1F01F9224C8814A /* DesignTokens.swift */; };
		3885869DFD24AE148A7F0CF6 /* UnlockView.swift in Sources */ = {isa = PBXBuildFile; fileRef = E30365E671CECC0F45176DDA /* UnlockView.swift */; };
		4075231182794BE36D97B3B5 /* VaultStore.swift in Sources */ = {isa = PBXBuildFile; fileRef = 25457DEDC1B58F1AEC124FF2 /* VaultStore.swift */; };
		419AA0567D01AE3B5DDCBAC7 /* AuthBoxCrypto in Frameworks */ = {isa = PBXBuildFile; productRef = 6860AFFC36E9C1D23BD6D0B2 /* AuthBoxCrypto */; };
		435716AF4792748563445515 /* VaultItem.swift in Sources */ = {isa = PBXBuildFile; fileRef = 7301F5DB5A2405088E0882F9 /* VaultItem.swift */; };
		4B951FD5D79E825E057306FA /* AuthBoxApp.swift in Sources */ = {isa = PBXBuildFile; fileRef = 7788940A50C88A6C78C16F0E /* AuthBoxApp.swift */; };
		581699E4EC47D2130EAE6A09 /* WalletBalanceService.swift in Sources */ = {isa = PBXBuildFile; fileRef = EB86925592986B2A164087ED /* WalletBalanceService.swift */; };
		62815CDF2407D50AB921E6FD /* FullFlowUITests.swift in Sources */ = {isa = PBXBuildFile; fileRef = 2A5082D8E9AFF93F8F4AFA0F /* FullFlowUITests.swift */; };
		64DA32E753B900F2CB04306C /* ImportTOTPView.swift in Sources */ = {isa = PBXBuildFile; fileRef = EB9C060C854C946AFB27900A /* ImportTOTPView.swift */; };
		6BB4D073D295ED131343E99C /* ProUpgradeView.swift in Sources */ = {isa = PBXBuildFile; fileRef = 75BC3A0656D6BA5B0C94B060 /* ProUpgradeView.swift */; };
		6C5591B309387254063D891E /* APIClient.swift in Sources */ = {isa = PBXBuildFile; fileRef = 490FB0481CAA69DD98E45F2B /* APIClient.swift */; };
		7560A1DF06F81A41A0F6CF9F /* LaunchScreen.swift in Sources */ = {isa = PBXBuildFile; fileRef = 84B13F79CC916EB73E2A039B /* LaunchScreen.swift */; };
		76AE19192EA5F26E4047430D /* ProManager.swift in Sources */ = {isa = PBXBuildFile; fileRef = 46B9852529903A6380BB25DB /* ProManager.swift */; };
		7A1E52B5C91BF1D63FCD3AA6 /* AppState.swift in Sources */ = {isa = PBXBuildFile; fileRef = 9992B6535CB44C5744EC701A /* AppState.swift */; };
		7CEB3BC1BFDC545F68096FD2 /* VaultItemDetailView.swift in Sources */ = {isa = PBXBuildFile; fileRef = 5C59D1ECBFBFF4D711D47452 /* VaultItemDetailView.swift */; };
		8B50384C1155B4C0B45B772F /* VaultSyncEngine.swift in Sources */ = {isa = PBXBuildFile; fileRef = AD058F5FF06CB1A515EBE91C /* VaultSyncEngine.swift */; };
		8EB3C81AA63C1C9FA5025C8A /* CreateVaultView.swift in Sources */ = {isa = PBXBuildFile; fileRef = 6BE5181C9AB60B355781CB8F /* CreateVaultView.swift */; };
		90B93A2FE15B521038C2AD2D /* RestoreVaultView.swift in Sources */ = {isa = PBXBuildFile; fileRef = 256BB33EBC64E852BCF18BE8 /* RestoreVaultView.swift */; };
		911F3184853C7A177FD5BFF5 /* CredentialProviderViewController.swift in Sources */ = {isa = PBXBuildFile; fileRef = 8A29053C8F7FCB44B62759D0 /* CredentialProviderViewController.swift */; };
		91CC1A884DBBBC511EBF2470 /* ProPurchaseTests.swift in Sources */ = {isa = PBXBuildFile; fileRef = 9CA5DD618469A8B72EE97951 /* ProPurchaseTests.swift */; };
		959139764FF42DEAEEA13DC4 /* QRScannerView.swift in Sources */ = {isa = PBXBuildFile; fileRef = 5DF0B53A5DBDB526BB7ED9F1 /* QRScannerView.swift */; };
		A9780114FE7095C0EFF93A7D /* AddItemView.swift in Sources */ = {isa = PBXBuildFile; fileRef = BDD579089E06186BF15B8F23 /* AddItemView.swift */; };
		AA5D7116F39EC7F791AEFD5D /* TOTPFlowUITests.swift in Sources */ = {isa = PBXBuildFile; fileRef = B87B9C145CA532AC0447EF36 /* TOTPFlowUITests.swift */; };
		AB137300C810CC2D4BC60D9A /* TOTPImportFlowUITests.swift in Sources */ = {isa = PBXBuildFile; fileRef = 8DC2C0FE67F502A4FA32FE87 /* TOTPImportFlowUITests.swift */; };
		AFA11CB4236BAFC7DC9817DB /* PaywallFlowUITests.swift in Sources */ = {isa = PBXBuildFile; fileRef = 0A1A0BDED4C2FE8737A8FB0B /* PaywallFlowUITests.swift */; };
		AFA74F30AB284ACF1F4E4583 /* WalletView.swift in Sources */ = {isa = PBXBuildFile; fileRef = 5C9EEB0978C370BEEFA66BA4 /* WalletView.swift */; };
		AFE15DD3384BC4554B665C69 /* WalletAccountStore.swift in Sources */ = {isa = PBXBuildFile; fileRef = A6AAEA125F514CFF0FC6FC1B /* WalletAccountStore.swift */; };
		B0DC16FA2E08DCC1A2448BCB /* VaultListView.swift in Sources */ = {isa = PBXBuildFile; fileRef = A2F531B9F121B8AB302441D2 /* VaultListView.swift */; };
		B10B9B10104A63D3818BCF9C /* GeneratorView.swift in Sources */ = {isa = PBXBuildFile; fileRef = 2146A47D60E552F8E5379123 /* GeneratorView.swift */; };
		B153F37AAACFD34D7BCBF9BA /* KeychainManager.swift in Sources */ = {isa = PBXBuildFile; fileRef = 5B8D5AC5185BA3F40BB38813 /* KeychainManager.swift */; };
		B8B2DA93785C9CF9191CFF96 /* AuthBoxCrypto in Frameworks */ = {isa = PBXBuildFile; productRef = 0582B5CB8DB91166E0B0AF0B /* AuthBoxCrypto */; };
		BE525A885B954D904DF8DD0E /* SettingsView.swift in Sources */ = {isa = PBXBuildFile; fileRef = 762C32E40BCB88C987FBF62D /* SettingsView.swift */; };
		C17B8774D2E420E08D2FD2A7 /* Configuration.storekit in Resources */ = {isa = PBXBuildFile; fileRef = E47200C3742DE5ADB5D3D464 /* Configuration.storekit */; };
		D607D7267D680E993ABB3CBD /* ContentView.swift in Sources */ = {isa = PBXBuildFile; fileRef = 5D938D9F5A1DC26A77BA4D2C /* ContentView.swift */; };
		E59C773597503019C4EA1EA8 /* VaultSyncCodecTests.swift in Sources */ = {isa = PBXBuildFile; fileRef = 4ACADFDBCFD89B9C6DFB96B7 /* VaultSyncCodecTests.swift */; };
/* End PBXBuildFile section */

/* Begin PBXContainerItemProxy section */
		2F4CD40B5D4DFC196C53A234 /* PBXContainerItemProxy */ = {
			isa = PBXContainerItemProxy;
			containerPortal = 3C03A58FC327CE731CECBF9C /* Project object */;
			proxyType = 1;
			remoteGlobalIDString = F47516145352EB1819205E70;
			remoteInfo = AuthBox;
		};
		36EE64BE0E7F86F080C45999 /* PBXContainerItemProxy */ = {
			isa = PBXContainerItemProxy;
			containerPortal = 3C03A58FC327CE731CECBF9C /* Project object */;
			proxyType = 1;
			remoteGlobalIDString = F47516145352EB1819205E70;
			remoteInfo = AuthBox;
		};
/* End PBXContainerItemProxy section */

/* Begin PBXFileReference section */
		0A1A0BDED4C2FE8737A8FB0B /* PaywallFlowUITests.swift */ = {isa = PBXFileReference; lastKnownFileType = sourcecode.swift; path = PaywallFlowUITests.swift; sourceTree = "<group>"; };
		2146A47D60E552F8E5379123 /* GeneratorView.swift */ = {isa = PBXFileReference; lastKnownFileType = sourcecode.swift; path = GeneratorView.swift; sourceTree = "<group>"; };
		247C70E70C4FCAEEFF75F54B /* AutoFillExtension.appex */ = {isa = PBXFileReference; includeInIndex = 0; lastKnownFileType = "wrapper.app-extension"; path = AutoFillExtension.appex; sourceTree = BUILT_PRODUCTS_DIR; };
		25457DEDC1B58F1AEC124FF2 /* VaultStore.swift */ = {isa = PBXFileReference; lastKnownFileType = sourcecode.swift; path = VaultStore.swift; sourceTree = "<group>"; };
		256BB33EBC64E852BCF18BE8 /* RestoreVaultView.swift */ = {isa = PBXFileReference; lastKnownFileType = sourcecode.swift; path = RestoreVaultView.swift; sourceTree = "<group>"; };
		2A5082D8E9AFF93F8F4AFA0F /* FullFlowUITests.swift */ = {isa = PBXFileReference; lastKnownFileType = sourcecode.swift; path = FullFlowUITests.swift; sourceTree = "<group>"; };
		37AF9E7C3C2A5B438704562C /* AutoFillExtension.entitlements */ = {isa = PBXFileReference; lastKnownFileType = text.plist.entitlements; path = AutoFillExtension.entitlements; sourceTree = "<group>"; };
		3EBCDCB079B83DA83692C250 /* AuthBoxUITests.xctest */ = {isa = PBXFileReference; includeInIndex = 0; lastKnownFileType = wrapper.cfbundle; path = AuthBoxUITests.xctest; sourceTree = BUILT_PRODUCTS_DIR; };
		46B9852529903A6380BB25DB /* ProManager.swift */ = {isa = PBXFileReference; lastKnownFileType = sourcecode.swift; path = ProManager.swift; sourceTree = "<group>"; };
		490FB0481CAA69DD98E45F2B /* APIClient.swift */ = {isa = PBXFileReference; lastKnownFileType = sourcecode.swift; path = APIClient.swift; sourceTree = "<group>"; };
		4ACADFDBCFD89B9C6DFB96B7 /* VaultSyncCodecTests.swift */ = {isa = PBXFileReference; lastKnownFileType = sourcecode.swift; path = VaultSyncCodecTests.swift; sourceTree = "<group>"; };
		4F0A4251F77DF2FA3C40ECDE /* WalletFlowUITests.swift */ = {isa = PBXFileReference; lastKnownFileType = sourcecode.swift; path = WalletFlowUITests.swift; sourceTree = "<group>"; };
		564CD4322321E1DCA3FE9B42 /* APIConfig.swift */ = {isa = PBXFileReference; lastKnownFileType = sourcecode.swift; path = APIConfig.swift; sourceTree = "<group>"; };
		5B8D5AC5185BA3F40BB38813 /* KeychainManager.swift */ = {isa = PBXFileReference; lastKnownFileType = sourcecode.swift; path = KeychainManager.swift; sourceTree = "<group>"; };
		5C59D1ECBFBFF4D711D47452 /* VaultItemDetailView.swift */ = {isa = PBXFileReference; lastKnownFileType = sourcecode.swift; path = VaultItemDetailView.swift; sourceTree = "<group>"; };
		5C9EEB0978C370BEEFA66BA4 /* WalletView.swift */ = {isa = PBXFileReference; lastKnownFileType = sourcecode.swift; path = WalletView.swift; sourceTree = "<group>"; };
		5D938D9F5A1DC26A77BA4D2C /* ContentView.swift */ = {isa = PBXFileReference; lastKnownFileType = sourcecode.swift; path = ContentView.swift; sourceTree = "<group>"; };
		5DF0B53A5DBDB526BB7ED9F1 /* QRScannerView.swift */ = {isa = PBXFileReference; lastKnownFileType = sourcecode.swift; path = QRScannerView.swift; sourceTree = "<group>"; };
		6BE5181C9AB60B355781CB8F /* CreateVaultView.swift */ = {isa = PBXFileReference; lastKnownFileType = sourcecode.swift; path = CreateVaultView.swift; sourceTree = "<group>"; };
		7301F5DB5A2405088E0882F9 /* VaultItem.swift */ = {isa = PBXFileReference; lastKnownFileType = sourcecode.swift; path = VaultItem.swift; sourceTree = "<group>"; };
		75BC3A0656D6BA5B0C94B060 /* ProUpgradeView.swift */ = {isa = PBXFileReference; lastKnownFileType = sourcecode.swift; path = ProUpgradeView.swift; sourceTree = "<group>"; };
		762C32E40BCB88C987FBF62D /* SettingsView.swift */ = {isa = PBXFileReference; lastKnownFileType = sourcecode.swift; path = SettingsView.swift; sourceTree = "<group>"; };
		7788940A50C88A6C78C16F0E /* AuthBoxApp.swift */ = {isa = PBXFileReference; lastKnownFileType = sourcecode.swift; path = AuthBoxApp.swift; sourceTree = "<group>"; };
		82A343F37FB434DFF98147FC /* Info.plist */ = {isa = PBXFileReference; lastKnownFileType = text.plist; path = Info.plist; sourceTree = "<group>"; };
		84B13F79CC916EB73E2A039B /* LaunchScreen.swift */ = {isa = PBXFileReference; lastKnownFileType = sourcecode.swift; path = LaunchScreen.swift; sourceTree = "<group>"; };
		86485461B687596F258F78E7 /* AuthBoxCrypto */ = {isa = PBXFileReference; lastKnownFileType = folder; name = AuthBoxCrypto; path = AuthBoxCrypto; sourceTree = SOURCE_ROOT; };
		8933912DC8BDEBECBFB1EC59 /* OnboardingView.swift */ = {isa = PBXFileReference; lastKnownFileType = sourcecode.swift; path = OnboardingView.swift; sourceTree = "<group>"; };
		8A29053C8F7FCB44B62759D0 /* CredentialProviderViewController.swift */ = {isa = PBXFileReference; lastKnownFileType = sourcecode.swift; path = CredentialProviderViewController.swift; sourceTree = "<group>"; };
		8DC2C0FE67F502A4FA32FE87 /* TOTPImportFlowUITests.swift */ = {isa = PBXFileReference; lastKnownFileType = sourcecode.swift; path = TOTPImportFlowUITests.swift; sourceTree = "<group>"; };
		9992B6535CB44C5744EC701A /* AppState.swift */ = {isa = PBXFileReference; lastKnownFileType = sourcecode.swift; path = AppState.swift; sourceTree = "<group>"; };
		9CA5DD618469A8B72EE97951 /* ProPurchaseTests.swift */ = {isa = PBXFileReference; lastKnownFileType = sourcecode.swift; path = ProPurchaseTests.swift; sourceTree = "<group>"; };
		A2F531B9F121B8AB302441D2 /* VaultListView.swift */ = {isa = PBXFileReference; lastKnownFileType = sourcecode.swift; path = VaultListView.swift; sourceTree = "<group>"; };
		A6AAEA125F514CFF0FC6FC1B /* WalletAccountStore.swift */ = {isa = PBXFileReference; lastKnownFileType = sourcecode.swift; path = WalletAccountStore.swift; sourceTree = "<group>"; };
		AD058F5FF06CB1A515EBE91C /* VaultSyncEngine.swift */ = {isa = PBXFileReference; lastKnownFileType = sourcecode.swift; path = VaultSyncEngine.swift; sourceTree = "<group>"; };
		B0491051A1129271332322C4 /* Assets.xcassets */ = {isa = PBXFileReference; lastKnownFileType = folder.assetcatalog; path = Assets.xcassets; sourceTree = "<group>"; };
		B87B9C145CA532AC0447EF36 /* TOTPFlowUITests.swift */ = {isa = PBXFileReference; lastKnownFileType = sourcecode.swift; path = TOTPFlowUITests.swift; sourceTree = "<group>"; };
		BDD579089E06186BF15B8F23 /* AddItemView.swift */ = {isa = PBXFileReference; lastKnownFileType = sourcecode.swift; path = AddItemView.swift; sourceTree = "<group>"; };
		C9A7EDE3B1F01F9224C8814A /* DesignTokens.swift */ = {isa = PBXFileReference; lastKnownFileType = sourcecode.swift; path = DesignTokens.swift; sourceTree = "<group>"; };
		CEF7A085CE6F6F56709E83A3 /* AuthBoxTests.xctest */ = {isa = PBXFileReference; includeInIndex = 0; lastKnownFileType = wrapper.cfbundle; path = AuthBoxTests.xctest; sourceTree = BUILT_PRODUCTS_DIR; };
		E30365E671CECC0F45176DDA /* UnlockView.swift */ = {isa = PBXFileReference; lastKnownFileType = sourcecode.swift; path = UnlockView.swift; sourceTree = "<group>"; };
		E47200C3742DE5ADB5D3D464 /* Configuration.storekit */ = {isa = PBXFileReference; path = Configuration.storekit; sourceTree = "<group>"; };
		EB86925592986B2A164087ED /* WalletBalanceService.swift */ = {isa = PBXFileReference; lastKnownFileType = sourcecode.swift; path = WalletBalanceService.swift; sourceTree = "<group>"; };
		EB9C060C854C946AFB27900A /* ImportTOTPView.swift */ = {isa = PBXFileReference; lastKnownFileType = sourcecode.swift; path = ImportTOTPView.swift; sourceTree = "<group>"; };
		FFAE050AF0954A48E04C86F2 /* AuthBox.app */ = {isa = PBXFileReference; includeInIndex = 0; lastKnownFileType = wrapper.application; path = AuthBox.app; sourceTree = BUILT_PRODUCTS_DIR; };
/* End PBXFileReference section */

/* Begin PBXFrameworksBuildPhase section */
		477B50825ACB539EF8FCFC2D /* Frameworks */ = {
			isa = PBXFrameworksBuildPhase;
			buildActionMask = 2147483647;
			files = (
				204A8C673BA7B7B02A708C27 /* AuthBoxCrypto in Frameworks */,
			);
			runOnlyForDeploymentPostprocessing = 0;
		};
		5E75C84AEB2074ACE5940C12 /* Frameworks */ = {
			isa = PBXFrameworksBuildPhase;
			buildActionMask = 2147483647;
			files = (
				B8B2DA93785C9CF9191CFF96 /* AuthBoxCrypto in Frameworks */,
			);
			runOnlyForDeploymentPostprocessing = 0;
		};
		6A71B3FE28DD19923FE77E87 /* Frameworks */ = {
			isa = PBXFrameworksBuildPhase;
			buildActionMask = 2147483647;
			files = (
				419AA0567D01AE3B5DDCBAC7 /* AuthBoxCrypto in Frameworks */,
			);
			runOnlyForDeploymentPostprocessing = 0;
		};
/* End PBXFrameworksBuildPhase section */

/* Begin PBXGroup section */
		03F4E694C959F32A7EE4C486 /* AuthBoxTests */ = {
			isa = PBXGroup;
			children = (
				E47200C3742DE5ADB5D3D464 /* Configuration.storekit */,
				9CA5DD618469A8B72EE97951 /* ProPurchaseTests.swift */,
				4ACADFDBCFD89B9C6DFB96B7 /* VaultSyncCodecTests.swift */,
			);
			path = AuthBoxTests;
			sourceTree = "<group>";
		};
		0998B40BF0C903816F8DD56D /* Generator */ = {
			isa = PBXGroup;
			children = (
				2146A47D60E552F8E5379123 /* GeneratorView.swift */,
			);
			path = Generator;
			sourceTree = "<group>";
		};
		16DB7B24E683AE4B5D815742 /* Sources */ = {
			isa = PBXGroup;
			children = (
				DA802BB5108642345F53FAB3 /* App */,
				E3B72732E4EEB9D23B252A72 /* Core */,
				BB342F980614A5760920656F /* Design */,
				42093BAC0E978016DE20F9C0 /* Features */,
			);
			path = Sources;
			sourceTree = "<group>";
		};
		17D27CEC151FFA1722E93E55 /* Wallet */ = {
			isa = PBXGroup;
			children = (
				A6AAEA125F514CFF0FC6FC1B /* WalletAccountStore.swift */,
				EB86925592986B2A164087ED /* WalletBalanceService.swift */,
				5C9EEB0978C370BEEFA66BA4 /* WalletView.swift */,
			);
			path = Wallet;
			sourceTree = "<group>";
		};
		1ADB8D16DE6C2C2B3014E31A /* AuthBox */ = {
			isa = PBXGroup;
			children = (
				B0491051A1129271332322C4 /* Assets.xcassets */,
				16DB7B24E683AE4B5D815742 /* Sources */,
			);
			path = AuthBox;
			sourceTree = "<group>";
		};
		1CBC22E6E57F7EFCB69E8395 /* Settings */ = {
			isa = PBXGroup;
			children = (
				75BC3A0656D6BA5B0C94B060 /* ProUpgradeView.swift */,
				762C32E40BCB88C987FBF62D /* SettingsView.swift */,
			);
			path = Settings;
			sourceTree = "<group>";
		};
		1FF4C055D6E9143153FB11C1 = {
			isa = PBXGroup;
			children = (
				1ADB8D16DE6C2C2B3014E31A /* AuthBox */,
				03F4E694C959F32A7EE4C486 /* AuthBoxTests */,
				4AF42F8D9AA1A17294A86A01 /* AuthBoxUITests */,
				ADFDE5C634DC2C276E3455CD /* AutoFillExtension */,
				F9EA73A73AAE95941841816E /* Packages */,
				25231EFE4ED42274E475BB2C /* Products */,
			);
			sourceTree = "<group>";
		};
		25231EFE4ED42274E475BB2C /* Products */ = {
			isa = PBXGroup;
			children = (
				FFAE050AF0954A48E04C86F2 /* AuthBox.app */,
				CEF7A085CE6F6F56709E83A3 /* AuthBoxTests.xctest */,
				3EBCDCB079B83DA83692C250 /* AuthBoxUITests.xctest */,
				247C70E70C4FCAEEFF75F54B /* AutoFillExtension.appex */,
			);
			name = Products;
			sourceTree = "<group>";
		};
		4045C33D3B83B979CC229F04 /* Onboarding */ = {
			isa = PBXGroup;
			children = (
				6BE5181C9AB60B355781CB8F /* CreateVaultView.swift */,
				8933912DC8BDEBECBFB1EC59 /* OnboardingView.swift */,
				256BB33EBC64E852BCF18BE8 /* RestoreVaultView.swift */,
			);
			path = Onboarding;
			sourceTree = "<group>";
		};
		42093BAC0E978016DE20F9C0 /* Features */ = {
			isa = PBXGroup;
			children = (
				0998B40BF0C903816F8DD56D /* Generator */,
				4045C33D3B83B979CC229F04 /* Onboarding */,
				1CBC22E6E57F7EFCB69E8395 /* Settings */,
				5878378964D8DC19E2C14B88 /* Vault */,
				17D27CEC151FFA1722E93E55 /* Wallet */,
			);
			path = Features;
			sourceTree = "<group>";
		};
		4AF42F8D9AA1A17294A86A01 /* AuthBoxUITests */ = {
			isa = PBXGroup;
			children = (
				2A5082D8E9AFF93F8F4AFA0F /* FullFlowUITests.swift */,
				0A1A0BDED4C2FE8737A8FB0B /* PaywallFlowUITests.swift */,
				B87B9C145CA532AC0447EF36 /* TOTPFlowUITests.swift */,
				8DC2C0FE67F502A4FA32FE87 /* TOTPImportFlowUITests.swift */,
				4F0A4251F77DF2FA3C40ECDE /* WalletFlowUITests.swift */,
			);
			path = AuthBoxUITests;
			sourceTree = "<group>";
		};
		4C178DC56CACEF9033122A22 /* Sync */ = {
			isa = PBXGroup;
			children = (
				AD058F5FF06CB1A515EBE91C /* VaultSyncEngine.swift */,
			);
			path = Sync;
			sourceTree = "<group>";
		};
		5878378964D8DC19E2C14B88 /* Vault */ = {
			isa = PBXGroup;
			children = (
				BDD579089E06186BF15B8F23 /* AddItemView.swift */,
				EB9C060C854C946AFB27900A /* ImportTOTPView.swift */,
				5DF0B53A5DBDB526BB7ED9F1 /* QRScannerView.swift */,
				E30365E671CECC0F45176DDA /* UnlockView.swift */,
				5C59D1ECBFBFF4D711D47452 /* VaultItemDetailView.swift */,
				A2F531B9F121B8AB302441D2 /* VaultListView.swift */,
			);
			path = Vault;
			sourceTree = "<group>";
		};
		8E3CFBEC82C48BFB8735F044 /* Network */ = {
			isa = PBXGroup;
			children = (
				490FB0481CAA69DD98E45F2B /* APIClient.swift */,
				564CD4322321E1DCA3FE9B42 /* APIConfig.swift */,
			);
			path = Network;
			sourceTree = "<group>";
		};
		ADFDE5C634DC2C276E3455CD /* AutoFillExtension */ = {
			isa = PBXGroup;
			children = (
				37AF9E7C3C2A5B438704562C /* AutoFillExtension.entitlements */,
				8A29053C8F7FCB44B62759D0 /* CredentialProviderViewController.swift */,
				82A343F37FB434DFF98147FC /* Info.plist */,
			);
			path = AutoFillExtension;
			sourceTree = "<group>";
		};
		BB342F980614A5760920656F /* Design */ = {
			isa = PBXGroup;
			children = (
				C9A7EDE3B1F01F9224C8814A /* DesignTokens.swift */,
			);
			path = Design;
			sourceTree = "<group>";
		};
		DA802BB5108642345F53FAB3 /* App */ = {
			isa = PBXGroup;
			children = (
				9992B6535CB44C5744EC701A /* AppState.swift */,
				7788940A50C88A6C78C16F0E /* AuthBoxApp.swift */,
				5D938D9F5A1DC26A77BA4D2C /* ContentView.swift */,
				84B13F79CC916EB73E2A039B /* LaunchScreen.swift */,
			);
			path = App;
			sourceTree = "<group>";
		};
		DDF8C9B90D39C22BC1374D90 /* Storage */ = {
			isa = PBXGroup;
			children = (
				5B8D5AC5185BA3F40BB38813 /* KeychainManager.swift */,
				46B9852529903A6380BB25DB /* ProManager.swift */,
				7301F5DB5A2405088E0882F9 /* VaultItem.swift */,
				25457DEDC1B58F1AEC124FF2 /* VaultStore.swift */,
			);
			path = Storage;
			sourceTree = "<group>";
		};
		E3B72732E4EEB9D23B252A72 /* Core */ = {
			isa = PBXGroup;
			children = (
				8E3CFBEC82C48BFB8735F044 /* Network */,
				DDF8C9B90D39C22BC1374D90 /* Storage */,
				4C178DC56CACEF9033122A22 /* Sync */,
			);
			path = Core;
			sourceTree = "<group>";
		};
		F9EA73A73AAE95941841816E /* Packages */ = {
			isa = PBXGroup;
			children = (
				86485461B687596F258F78E7 /* AuthBoxCrypto */,
			);
			name = Packages;
			sourceTree = "<group>";
		};
/* End PBXGroup section */

/* Begin PBXNativeTarget section */
		2B9F72B9A416F708FDB1AD5C /* AuthBoxTests */ = {
			isa = PBXNativeTarget;
			buildConfigurationList = 4A717B1BA77624EC82593395 /* Build configuration list for PBXNativeTarget "AuthBoxTests" */;
			buildPhases = (
				2AE9DA6E0F4FAD2F441AE127 /* Sources */,
				44BB49BE560903EF5372211A /* Resources */,
				477B50825ACB539EF8FCFC2D /* Frameworks */,
			);
			buildRules = (
			);
			dependencies = (
				272F1DCD54228991D1D6EF8D /* PBXTargetDependency */,
			);
			name = AuthBoxTests;
			packageProductDependencies = (
				3201996CEDE9572A233A0549 /* AuthBoxCrypto */,
			);
			productName = AuthBoxTests;
			productReference = CEF7A085CE6F6F56709E83A3 /* AuthBoxTests.xctest */;
			productType = "com.apple.product-type.bundle.unit-test";
		};
		AB26429E45F3489CC2594F32 /* AuthBoxUITests */ = {
			isa = PBXNativeTarget;
			buildConfigurationList = A1F6F033C1AE29ED53667CD6 /* Build configuration list for PBXNativeTarget "AuthBoxUITests" */;
			buildPhases = (
				5C69BF097B3BB4EAFED67EFF /* Sources */,
			);
			buildRules = (
			);
			dependencies = (
				CBEC1B03340E931B30FED6C6 /* PBXTargetDependency */,
			);
			name = AuthBoxUITests;
			packageProductDependencies = (
			);
			productName = AuthBoxUITests;
			productReference = 3EBCDCB079B83DA83692C250 /* AuthBoxUITests.xctest */;
			productType = "com.apple.product-type.bundle.ui-testing";
		};
		DB46DCBDAF42447C600586D5 /* AutoFillExtension */ = {
			isa = PBXNativeTarget;
			buildConfigurationList = D3851BC0EFAD306ACE4B63D4 /* Build configuration list for PBXNativeTarget "AutoFillExtension" */;
			buildPhases = (
				4752A675AEEAE812B82E405A /* Sources */,
				5E75C84AEB2074ACE5940C12 /* Frameworks */,
			);
			buildRules = (
			);
			dependencies = (
			);
			name = AutoFillExtension;
			packageProductDependencies = (
				0582B5CB8DB91166E0B0AF0B /* AuthBoxCrypto */,
			);
			productName = AutoFillExtension;
			productReference = 247C70E70C4FCAEEFF75F54B /* AutoFillExtension.appex */;
			productType = "com.apple.product-type.app-extension";
		};
		F47516145352EB1819205E70 /* AuthBox */ = {
			isa = PBXNativeTarget;
			buildConfigurationList = 9CD634DDF83316150AA4F9DB /* Build configuration list for PBXNativeTarget "AuthBox" */;
			buildPhases = (
				4AE5EDDE0432F086BFB34A23 /* Sources */,
				D5D1CCAB7EB1FA72B1182ABA /* Resources */,
				6A71B3FE28DD19923FE77E87 /* Frameworks */,
			);
			buildRules = (
			);
			dependencies = (
			);
			name = AuthBox;
			packageProductDependencies = (
				6860AFFC36E9C1D23BD6D0B2 /* AuthBoxCrypto */,
			);
			productName = AuthBox;
			productReference = FFAE050AF0954A48E04C86F2 /* AuthBox.app */;
			productType = "com.apple.product-type.application";
		};
/* End PBXNativeTarget section */

/* Begin PBXProject section */
		3C03A58FC327CE731CECBF9C /* Project object */ = {
			isa = PBXProject;
			attributes = {
				BuildIndependentTargetsInParallel = YES;
				LastUpgradeCheck = 2630;
				TargetAttributes = {
					AB26429E45F3489CC2594F32 = {
						TestTargetID = F47516145352EB1819205E70;
					};
					DB46DCBDAF42447C600586D5 = {
						ProvisioningStyle = Automatic;
					};
					F47516145352EB1819205E70 = {
						ProvisioningStyle = Automatic;
					};
				};
			};
			buildConfigurationList = 51E390579614A504F50BDA1D /* Build configuration list for PBXProject "AuthBox" */;
			developmentRegion = en;
			hasScannedForEncodings = 0;
			knownRegions = (
				Base,
				en,
			);
			mainGroup = 1FF4C055D6E9143153FB11C1;
			minimizedProjectReferenceProxies = 1;
			packageReferences = (
				43EE61E806AFED3EB9BC3408 /* XCLocalSwiftPackageReference "AuthBoxCrypto" */,
			);
			preferredProjectObjectVersion = 77;
			productRefGroup = 25231EFE4ED42274E475BB2C /* Products */;
			projectDirPath = "";
			projectRoot = "";
			targets = (
				F47516145352EB1819205E70 /* AuthBox */,
				2B9F72B9A416F708FDB1AD5C /* AuthBoxTests */,
				AB26429E45F3489CC2594F32 /* AuthBoxUITests */,
				DB46DCBDAF42447C600586D5 /* AutoFillExtension */,
			);
		};
/* End PBXProject section */

/* Begin PBXResourcesBuildPhase section */
		44BB49BE560903EF5372211A /* Resources */ = {
			isa = PBXResourcesBuildPhase;
			buildActionMask = 2147483647;
			files = (
				C17B8774D2E420E08D2FD2A7 /* Configuration.storekit in Resources */,
			);
			runOnlyForDeploymentPostprocessing = 0;
		};
		D5D1CCAB7EB1FA72B1182ABA /* Resources */ = {
			isa = PBXResourcesBuildPhase;
			buildActionMask = 2147483647;
			files = (
				0F3E80196C9FA9B41D9262A4 /* Assets.xcassets in Resources */,
			);
			runOnlyForDeploymentPostprocessing = 0;
		};
/* End PBXResourcesBuildPhase section */

/* Begin PBXSourcesBuildPhase section */
		2AE9DA6E0F4FAD2F441AE127 /* Sources */ = {
			isa = PBXSourcesBuildPhase;
			buildActionMask = 2147483647;
			files = (
				91CC1A884DBBBC511EBF2470 /* ProPurchaseTests.swift in Sources */,
				E59C773597503019C4EA1EA8 /* VaultSyncCodecTests.swift in Sources */,
			);
			runOnlyForDeploymentPostprocessing = 0;
		};
		4752A675AEEAE812B82E405A /* Sources */ = {
			isa = PBXSourcesBuildPhase;
			buildActionMask = 2147483647;
			files = (
				911F3184853C7A177FD5BFF5 /* CredentialProviderViewController.swift in Sources */,
			);
			runOnlyForDeploymentPostprocessing = 0;
		};
		4AE5EDDE0432F086BFB34A23 /* Sources */ = {
			isa = PBXSourcesBuildPhase;
			buildActionMask = 2147483647;
			files = (
				6C5591B309387254063D891E /* APIClient.swift in Sources */,
				20857714C58C09270A264045 /* APIConfig.swift in Sources */,
				A9780114FE7095C0EFF93A7D /* AddItemView.swift in Sources */,
				7A1E52B5C91BF1D63FCD3AA6 /* AppState.swift in Sources */,
				4B951FD5D79E825E057306FA /* AuthBoxApp.swift in Sources */,
				D607D7267D680E993ABB3CBD /* ContentView.swift in Sources */,
				8EB3C81AA63C1C9FA5025C8A /* CreateVaultView.swift in Sources */,
				306D7EE82A7FB535784B3E6F /* DesignTokens.swift in Sources */,
				B10B9B10104A63D3818BCF9C /* GeneratorView.swift in Sources */,
				64DA32E753B900F2CB04306C /* ImportTOTPView.swift in Sources */,
				B153F37AAACFD34D7BCBF9BA /* KeychainManager.swift in Sources */,
				7560A1DF06F81A41A0F6CF9F /* LaunchScreen.swift in Sources */,
				01218936AAE5B02C2498E6DB /* OnboardingView.swift in Sources */,
				76AE19192EA5F26E4047430D /* ProManager.swift in Sources */,
				6BB4D073D295ED131343E99C /* ProUpgradeView.swift in Sources */,
				959139764FF42DEAEEA13DC4 /* QRScannerView.swift in Sources */,
				90B93A2FE15B521038C2AD2D /* RestoreVaultView.swift in Sources */,
				BE525A885B954D904DF8DD0E /* SettingsView.swift in Sources */,
				3885869DFD24AE148A7F0CF6 /* UnlockView.swift in Sources */,
				435716AF4792748563445515 /* VaultItem.swift in Sources */,
				7CEB3BC1BFDC545F68096FD2 /* VaultItemDetailView.swift in Sources */,
				B0DC16FA2E08DCC1A2448BCB /* VaultListView.swift in Sources */,
				4075231182794BE36D97B3B5 /* VaultStore.swift in Sources */,
				8B50384C1155B4C0B45B772F /* VaultSyncEngine.swift in Sources */,
				AFE15DD3384BC4554B665C69 /* WalletAccountStore.swift in Sources */,
				581699E4EC47D2130EAE6A09 /* WalletBalanceService.swift in Sources */,
				AFA74F30AB284ACF1F4E4583 /* WalletView.swift in Sources */,
			);
			runOnlyForDeploymentPostprocessing = 0;
		};
		5C69BF097B3BB4EAFED67EFF /* Sources */ = {
			isa = PBXSourcesBuildPhase;
			buildActionMask = 2147483647;
			files = (
				62815CDF2407D50AB921E6FD /* FullFlowUITests.swift in Sources */,
				AFA11CB4236BAFC7DC9817DB /* PaywallFlowUITests.swift in Sources */,
				AA5D7116F39EC7F791AEFD5D /* TOTPFlowUITests.swift in Sources */,
				AB137300C810CC2D4BC60D9A /* TOTPImportFlowUITests.swift in Sources */,
				0590E9EF4EC4054A72E2F83C /* WalletFlowUITests.swift in Sources */,
			);
			runOnlyForDeploymentPostprocessing = 0;
		};
/* End PBXSourcesBuildPhase section */

/* Begin PBXTargetDependency section */
		272F1DCD54228991D1D6EF8D /* PBXTargetDependency */ = {
			isa = PBXTargetDependency;
			target = F47516145352EB1819205E70 /* AuthBox */;
			targetProxy = 2F4CD40B5D4DFC196C53A234 /* PBXContainerItemProxy */;
		};
		CBEC1B03340E931B30FED6C6 /* PBXTargetDependency */ = {
			isa = PBXTargetDependency;
			target = F47516145352EB1819205E70 /* AuthBox */;
			targetProxy = 36EE64BE0E7F86F080C45999 /* PBXContainerItemProxy */;
		};
/* End PBXTargetDependency section */

/* Begin XCBuildConfiguration section */
		00565D9ADF4C4628159E4D72 /* Release */ = {
			isa = XCBuildConfiguration;
			buildSettings = {
				BUNDLE_LOADER = "$(TEST_HOST)";
				GENERATE_INFOPLIST_FILE = YES;
				LD_RUNPATH_SEARCH_PATHS = (
					"$(inherited)",
					"@executable_path/Frameworks",
					"@loader_path/Frameworks",
				);
				PRODUCT_BUNDLE_IDENTIFIER = com.authbox.app.uitests;
				SDKROOT = iphoneos;
				TARGETED_DEVICE_FAMILY = "1,2";
				TEST_TARGET_NAME = AuthBox;
			};
			name = Release;
		};
		129D1A157EFEA33E038B1A5F /* Debug */ = {
			isa = XCBuildConfiguration;
			buildSettings = {
				ALWAYS_SEARCH_USER_PATHS = NO;
				CLANG_ANALYZER_NONNULL = YES;
				CLANG_ANALYZER_NUMBER_OBJECT_CONVERSION = YES_AGGRESSIVE;
				CLANG_CXX_LANGUAGE_STANDARD = "gnu++14";
				CLANG_CXX_LIBRARY = "libc++";
				CLANG_ENABLE_MODULES = YES;
				CLANG_ENABLE_OBJC_ARC = YES;
				CLANG_ENABLE_OBJC_WEAK = YES;
				CLANG_WARN_BLOCK_CAPTURE_AUTORELEASING = YES;
				CLANG_WARN_BOOL_CONVERSION = YES;
				CLANG_WARN_COMMA = YES;
				CLANG_WARN_CONSTANT_CONVERSION = YES;
				CLANG_WARN_DEPRECATED_OBJC_IMPLEMENTATIONS = YES;
				CLANG_WARN_DIRECT_OBJC_ISA_USAGE = YES_ERROR;
				CLANG_WARN_DOCUMENTATION_COMMENTS = YES;
				CLANG_WARN_EMPTY_BODY = YES;
				CLANG_WARN_ENUM_CONVERSION = YES;
				CLANG_WARN_INFINITE_RECURSION = YES;
				CLANG_WARN_INT_CONVERSION = YES;
				CLANG_WARN_NON_LITERAL_NULL_CONVERSION = YES;
				CLANG_WARN_OBJC_IMPLICIT_RETAIN_SELF = YES;
				CLANG_WARN_OBJC_LITERAL_CONVERSION = YES;
				CLANG_WARN_OBJC_ROOT_CLASS = YES_ERROR;
				CLANG_WARN_QUOTED_INCLUDE_IN_FRAMEWORK_HEADER = YES;
				CLANG_WARN_RANGE_LOOP_ANALYSIS = YES;
				CLANG_WARN_STRICT_PROTOTYPES = YES;
				CLANG_WARN_SUSPICIOUS_MOVE = YES;
				CLANG_WARN_UNGUARDED_AVAILABILITY = YES_AGGRESSIVE;
				CLANG_WARN_UNREACHABLE_CODE = YES;
				CLANG_WARN__DUPLICATE_METHOD_MATCH = YES;
				COPY_PHASE_STRIP = NO;
				CURRENT_PROJECT_VERSION = 1;
				DEBUG_INFORMATION_FORMAT = dwarf;
				ENABLE_STRICT_OBJC_MSGSEND = YES;
				ENABLE_TESTABILITY = YES;
				GCC_C_LANGUAGE_STANDARD = gnu11;
				GCC_DYNAMIC_NO_PIC = NO;
				GCC_NO_COMMON_BLOCKS = YES;
				GCC_OPTIMIZATION_LEVEL = 0;
				GCC_PREPROCESSOR_DEFINITIONS = (
					"$(inherited)",
					"DEBUG=1",
				);
				GCC_WARN_64_TO_32_BIT_CONVERSION = YES;
				GCC_WARN_ABOUT_RETURN_TYPE = YES_ERROR;
				GCC_WARN_UNDECLARED_SELECTOR = YES;
				GCC_WARN_UNINITIALIZED_AUTOS = YES_AGGRESSIVE;
				GCC_WARN_UNUSED_FUNCTION = YES;
				GCC_WARN_UNUSED_VARIABLE = YES;
				IPHONEOS_DEPLOYMENT_TARGET = 17.0;
				MARKETING_VERSION = 1.0.0;
				MTL_ENABLE_DEBUG_INFO = INCLUDE_SOURCE;
				MTL_FAST_MATH = YES;
				ONLY_ACTIVE_ARCH = YES;
				PRODUCT_NAME = "$(TARGET_NAME)";
				SDKROOT = iphoneos;
				SWIFT_ACTIVE_COMPILATION_CONDITIONS = DEBUG;
				SWIFT_OPTIMIZATION_LEVEL = "-Onone";
				SWIFT_STRICT_CONCURRENCY = complete;
				SWIFT_VERSION = 6.0;
				TARGETED_DEVICE_FAMILY = "1,2";
			};
			name = Debug;
		};
		2FE8A3D346E1D647FC689613 /* Release */ = {
			isa = XCBuildConfiguration;
			buildSettings = {
				BUNDLE_LOADER = "$(TEST_HOST)";
				GENERATE_INFOPLIST_FILE = YES;
				LD_RUNPATH_SEARCH_PATHS = (
					"$(inherited)",
					"@executable_path/Frameworks",
					"@loader_path/Frameworks",
				);
				PRODUCT_BUNDLE_IDENTIFIER = com.authbox.app.tests;
				SDKROOT = iphoneos;
				TARGETED_DEVICE_FAMILY = "1,2";
				TEST_HOST = "$(BUILT_PRODUCTS_DIR)/AuthBox.app/$(BUNDLE_EXECUTABLE_FOLDER_PATH)/AuthBox";
			};
			name = Release;
		};
		3CF036AAA33F72CE4F218DB6 /* Release */ = {
			isa = XCBuildConfiguration;
			buildSettings = {
				CODE_SIGN_ENTITLEMENTS = AutoFillExtension/AutoFillExtension.entitlements;
				CODE_SIGN_STYLE = Automatic;
				GENERATE_INFOPLIST_FILE = NO;
				INFOPLIST_FILE = AutoFillExtension/Info.plist;
				INFOPLIST_KEY_NSExtension_NSExtensionPointIdentifier = "com.apple.authentication-services-credential-provider-ui";
				LD_RUNPATH_SEARCH_PATHS = (
					"$(inherited)",
					"@executable_path/Frameworks",
					"@executable_path/../../Frameworks",
				);
				PRODUCT_BUNDLE_IDENTIFIER = com.authbox.app.autofill;
				SDKROOT = iphoneos;
				TARGETED_DEVICE_FAMILY = "1,2";
			};
			name = Release;
		};
		547AECA6C5F704E02D57B547 /* Release */ = {
			isa = XCBuildConfiguration;
			buildSettings = {
				ALWAYS_SEARCH_USER_PATHS = NO;
				CLANG_ANALYZER_NONNULL = YES;
				CLANG_ANALYZER_NUMBER_OBJECT_CONVERSION = YES_AGGRESSIVE;
				CLANG_CXX_LANGUAGE_STANDARD = "gnu++14";
				CLANG_CXX_LIBRARY = "libc++";
				CLANG_ENABLE_MODULES = YES;
				CLANG_ENABLE_OBJC_ARC = YES;
				CLANG_ENABLE_OBJC_WEAK = YES;
				CLANG_WARN_BLOCK_CAPTURE_AUTORELEASING = YES;
				CLANG_WARN_BOOL_CONVERSION = YES;
				CLANG_WARN_COMMA = YES;
				CLANG_WARN_CONSTANT_CONVERSION = YES;
				CLANG_WARN_DEPRECATED_OBJC_IMPLEMENTATIONS = YES;
				CLANG_WARN_DIRECT_OBJC_ISA_USAGE = YES_ERROR;
				CLANG_WARN_DOCUMENTATION_COMMENTS = YES;
				CLANG_WARN_EMPTY_BODY = YES;
				CLANG_WARN_ENUM_CONVERSION = YES;
				CLANG_WARN_INFINITE_RECURSION = YES;
				CLANG_WARN_INT_CONVERSION = YES;
				CLANG_WARN_NON_LITERAL_NULL_CONVERSION = YES;
				CLANG_WARN_OBJC_IMPLICIT_RETAIN_SELF = YES;
				CLANG_WARN_OBJC_LITERAL_CONVERSION = YES;
				CLANG_WARN_OBJC_ROOT_CLASS = YES_ERROR;
				CLANG_WARN_QUOTED_INCLUDE_IN_FRAMEWORK_HEADER = YES;
				CLANG_WARN_RANGE_LOOP_ANALYSIS = YES;
				CLANG_WARN_STRICT_PROTOTYPES = YES;
				CLANG_WARN_SUSPICIOUS_MOVE = YES;
				CLANG_WARN_UNGUARDED_AVAILABILITY = YES_AGGRESSIVE;
				CLANG_WARN_UNREACHABLE_CODE = YES;
				CLANG_WARN__DUPLICATE_METHOD_MATCH = YES;
				COPY_PHASE_STRIP = NO;
				CURRENT_PROJECT_VERSION = 1;
				DEBUG_INFORMATION_FORMAT = "dwarf-with-dsym";
				ENABLE_NS_ASSERTIONS = NO;
				ENABLE_STRICT_OBJC_MSGSEND = YES;
				GCC_C_LANGUAGE_STANDARD = gnu11;
				GCC_NO_COMMON_BLOCKS = YES;
				GCC_WARN_64_TO_32_BIT_CONVERSION = YES;
				GCC_WARN_ABOUT_RETURN_TYPE = YES_ERROR;
				GCC_WARN_UNDECLARED_SELECTOR = YES;
				GCC_WARN_UNINITIALIZED_AUTOS = YES_AGGRESSIVE;
				GCC_WARN_UNUSED_FUNCTION = YES;
				GCC_WARN_UNUSED_VARIABLE = YES;
				IPHONEOS_DEPLOYMENT_TARGET = 17.0;
				MARKETING_VERSION = 1.0.0;
				MTL_ENABLE_DEBUG_INFO = NO;
				MTL_FAST_MATH = YES;
				PRODUCT_NAME = "$(TARGET_NAME)";
				SDKROOT = iphoneos;
				SWIFT_COMPILATION_MODE = wholemodule;
				SWIFT_OPTIMIZATION_LEVEL = "-O";
				SWIFT_STRICT_CONCURRENCY = complete;
				SWIFT_VERSION = 6.0;
				TARGETED_DEVICE_FAMILY = "1,2";
			};
			name = Release;
		};
		7CD6F0626494920056429EF7 /* Debug */ = {
			isa = XCBuildConfiguration;
			buildSettings = {
				BUNDLE_LOADER = "$(TEST_HOST)";
				GENERATE_INFOPLIST_FILE = YES;
				LD_RUNPATH_SEARCH_PATHS = (
					"$(inherited)",
					"@executable_path/Frameworks",
					"@loader_path/Frameworks",
				);
				PRODUCT_BUNDLE_IDENTIFIER = com.authbox.app.uitests;
				SDKROOT = iphoneos;
				TARGETED_DEVICE_FAMILY = "1,2";
				TEST_TARGET_NAME = AuthBox;
			};
			name = Debug;
		};
		959743DD73C772A9F9FD532E /* Debug */ = {
			isa = XCBuildConfiguration;
			buildSettings = {
				BUNDLE_LOADER = "$(TEST_HOST)";
				GENERATE_INFOPLIST_FILE = YES;
				LD_RUNPATH_SEARCH_PATHS = (
					"$(inherited)",
					"@executable_path/Frameworks",
					"@loader_path/Frameworks",
				);
				PRODUCT_BUNDLE_IDENTIFIER = com.authbox.app.tests;
				SDKROOT = iphoneos;
				TARGETED_DEVICE_FAMILY = "1,2";
				TEST_HOST = "$(BUILT_PRODUCTS_DIR)/AuthBox.app/$(BUNDLE_EXECUTABLE_FOLDER_PATH)/AuthBox";
			};
			name = Debug;
		};
		96977714800E8C7C28BE2D56 /* Debug */ = {
			isa = XCBuildConfiguration;
			buildSettings = {
				CODE_SIGN_ENTITLEMENTS = AutoFillExtension/AutoFillExtension.entitlements;
				CODE_SIGN_STYLE = Automatic;
				GENERATE_INFOPLIST_FILE = NO;
				INFOPLIST_FILE = AutoFillExtension/Info.plist;
				INFOPLIST_KEY_NSExtension_NSExtensionPointIdentifier = "com.apple.authentication-services-credential-provider-ui";
				LD_RUNPATH_SEARCH_PATHS = (
					"$(inherited)",
					"@executable_path/Frameworks",
					"@executable_path/../../Frameworks",
				);
				PRODUCT_BUNDLE_IDENTIFIER = com.authbox.app.autofill;
				SDKROOT = iphoneos;
				TARGETED_DEVICE_FAMILY = "1,2";
			};
			name = Debug;
		};
		A328BE0245E977D402D1077A /* Debug */ = {
			isa = XCBuildConfiguration;
			buildSettings = {
				ASSETCATALOG_COMPILER_APPICON_NAME = AppIcon;
				ASSETCATALOG_COMPILER_GLOBAL_ACCENT_COLOR_NAME = AccentColor;
				CODE_SIGN_ENTITLEMENTS = AuthBox/AuthBox.entitlements;
				CODE_SIGN_IDENTITY = "iPhone Developer";
				CODE_SIGN_STYLE = Automatic;
				GENERATE_INFOPLIST_FILE = YES;
				INFOPLIST_KEY_CFBundleDisplayName = "Auth Box";
				INFOPLIST_KEY_NSFaceIDUsageDescription = "Unlock your vault with Face ID";
				INFOPLIST_KEY_UIApplicationSceneManifest_Generation = YES;
				INFOPLIST_KEY_UIApplicationSupportsIndirectInputEvents = YES;
				INFOPLIST_KEY_UILaunchScreen_Generation = YES;
				INFOPLIST_KEY_UISupportedInterfaceOrientations_iPad = "UIInterfaceOrientationPortrait UIInterfaceOrientationPortraitUpsideDown UIInterfaceOrientationLandscapeLeft UIInterfaceOrientationLandscapeRight";
				INFOPLIST_KEY_UISupportedInterfaceOrientations_iPhone = UIInterfaceOrientationPortrait;
				LD_RUNPATH_SEARCH_PATHS = (
					"$(inherited)",
					"@executable_path/Frameworks",
				);
				PRODUCT_BUNDLE_IDENTIFIER = com.authbox.app;
				SDKROOT = iphoneos;
				TARGETED_DEVICE_FAMILY = "1,2";
			};
			name = Debug;
		};
		A479BDA396F659C5DD937D07 /* Release */ = {
			isa = XCBuildConfiguration;
			buildSettings = {
				ASSETCATALOG_COMPILER_APPICON_NAME = AppIcon;
				ASSETCATALOG_COMPILER_GLOBAL_ACCENT_COLOR_NAME = AccentColor;
				CODE_SIGN_ENTITLEMENTS = AuthBox/AuthBox.entitlements;
				CODE_SIGN_IDENTITY = "iPhone Developer";
				CODE_SIGN_STYLE = Automatic;
				GENERATE_INFOPLIST_FILE = YES;
				INFOPLIST_KEY_CFBundleDisplayName = "Auth Box";
				INFOPLIST_KEY_NSFaceIDUsageDescription = "Unlock your vault with Face ID";
				INFOPLIST_KEY_UIApplicationSceneManifest_Generation = YES;
				INFOPLIST_KEY_UIApplicationSupportsIndirectInputEvents = YES;
				INFOPLIST_KEY_UILaunchScreen_Generation = YES;
				INFOPLIST_KEY_UISupportedInterfaceOrientations_iPad = "UIInterfaceOrientationPortrait UIInterfaceOrientationPortraitUpsideDown UIInterfaceOrientationLandscapeLeft UIInterfaceOrientationLandscapeRight";
				INFOPLIST_KEY_UISupportedInterfaceOrientations_iPhone = UIInterfaceOrientationPortrait;
				LD_RUNPATH_SEARCH_PATHS = (
					"$(inherited)",
					"@executable_path/Frameworks",
				);
				PRODUCT_BUNDLE_IDENTIFIER = com.authbox.app;
				SDKROOT = iphoneos;
				TARGETED_DEVICE_FAMILY = "1,2";
			};
			name = Release;
		};
/* End XCBuildConfiguration section */

/* Begin XCConfigurationList section */
		4A717B1BA77624EC82593395 /* Build configuration list for PBXNativeTarget "AuthBoxTests" */ = {
			isa = XCConfigurationList;
			buildConfigurations = (
				959743DD73C772A9F9FD532E /* Debug */,
				2FE8A3D346E1D647FC689613 /* Release */,
			);
			defaultConfigurationIsVisible = 0;
			defaultConfigurationName = Debug;
		};
		51E390579614A504F50BDA1D /* Build configuration list for PBXProject "AuthBox" */ = {
			isa = XCConfigurationList;
			buildConfigurations = (
				129D1A157EFEA33E038B1A5F /* Debug */,
				547AECA6C5F704E02D57B547 /* Release */,
			);
			defaultConfigurationIsVisible = 0;
			defaultConfigurationName = Debug;
		};
		9CD634DDF83316150AA4F9DB /* Build configuration list for PBXNativeTarget "AuthBox" */ = {
			isa = XCConfigurationList;
			buildConfigurations = (
				A328BE0245E977D402D1077A /* Debug */,
				A479BDA396F659C5DD937D07 /* Release */,
			);
			defaultConfigurationIsVisible = 0;
			defaultConfigurationName = Debug;
		};
		A1F6F033C1AE29ED53667CD6 /* Build configuration list for PBXNativeTarget "AuthBoxUITests" */ = {
			isa = XCConfigurationList;
			buildConfigurations = (
				7CD6F0626494920056429EF7 /* Debug */,
				00565D9ADF4C4628159E4D72 /* Release */,
			);
			defaultConfigurationIsVisible = 0;
			defaultConfigurationName = Debug;
		};
		D3851BC0EFAD306ACE4B63D4 /* Build configuration list for PBXNativeTarget "AutoFillExtension" */ = {
			isa = XCConfigurationList;
			buildConfigurations = (
				96977714800E8C7C28BE2D56 /* Debug */,
				3CF036AAA33F72CE4F218DB6 /* Release */,
			);
			defaultConfigurationIsVisible = 0;
			defaultConfigurationName = Debug;
		};
/* End XCConfigurationList section */

/* Begin XCLocalSwiftPackageReference section */
		43EE61E806AFED3EB9BC3408 /* XCLocalSwiftPackageReference "AuthBoxCrypto" */ = {
			isa = XCLocalSwiftPackageReference;
			relativePath = AuthBoxCrypto;
		};
/* End XCLocalSwiftPackageReference section */

/* Begin XCSwiftPackageProductDependency section */
		0582B5CB8DB91166E0B0AF0B /* AuthBoxCrypto */ = {
			isa = XCSwiftPackageProductDependency;
			productName = AuthBoxCrypto;
		};
		3201996CEDE9572A233A0549 /* AuthBoxCrypto */ = {
			isa = XCSwiftPackageProductDependency;
			productName = AuthBoxCrypto;
		};
		6860AFFC36E9C1D23BD6D0B2 /* AuthBoxCrypto */ = {
			isa = XCSwiftPackageProductDependency;
			productName = AuthBoxCrypto;
		};
/* End XCSwiftPackageProductDependency section */
	};
	rootObject = 3C03A58FC327CE731CECBF9C /* Project object */;
}
